lockfileVersion: 5.3

specifiers:
  bookmarklet: ^3.0.0
  typescript: ^4.3.5

devDependencies:
  bookmarklet: 3.0.0
  typescript: 4.3.5

packages:

  /bookmarklet/3.0.0:
    resolution: {integrity: sha512-xrE+D7Au9OMTjaA+wUSSFwRRwG48051UsHHOP7ugajVkNjvfsPFe+o/LV/QkTcP7GLb9ivd3gwc7KzaOfrae7w==}
    engines: {node: '>= 6.0.0'}
    hasBin: true
    dependencies:
      md5: 2.3.0
      terser: 5.7.1
    dev: true

  /buffer-from/1.1.1:
    resolution: {integrity: sha512-MQcXEUbCKtEo7bhqEs6560Hyd4XaovZlO/k9V3hjVUF/zwW7KBVdSK4gIt/bzwS9MbR5qob+F5jusZsb0YQK2A==}
    dev: true

  /charenc/0.0.2:
    resolution: {integrity: sha1-wKHS86cJLgN3S/qD8UwPxXkKhmc=}
    dev: true

  /commander/2.20.3:
    resolution: {integrity: sha512-GpVkmM8vF2vQUkj2LvZmD35JxeJOLCwJ9cUkugyk2nuhbv3+mJvpLYYt+0+USMxE+oj+ey/lJEnhZw75x/OMcQ==}
    dev: true

  /crypt/0.0.2:
    resolution: {integrity: sha1-iNf/fsDfuG9xPch7u0LQRNPmxBs=}
    dev: true

  /is-buffer/1.1.6:
    resolution: {integrity: sha512-NcdALwpXkTm5Zvvbk7owOUSvVvBKDgKP5/ewfXEznmQFfs4ZRmanOeKBTjRVjka3QFoN6XJ+9F3USqfHqTaU5w==}
    dev: true

  /md5/2.3.0:
    resolution: {integrity: sha512-T1GITYmFaKuO91vxyoQMFETst+O71VUPEU3ze5GNzDm0OWdP8v1ziTaAEPUr/3kLsY3Sftgz242A1SetQiDL7g==}
    dependencies:
      charenc: 0.0.2
      crypt: 0.0.2
      is-buffer: 1.1.6
    dev: true

  /source-map-support/0.5.19:
    resolution: {integrity: sha512-Wonm7zOCIJzBGQdB+thsPar0kYuCIzYvxZwlBa87yi/Mdjv7Tip2cyVbLj5o0cFPN4EVkuTwb3GDDyUx2DGnGw==}
    dependencies:
      buffer-from: 1.1.1
      source-map: 0.6.1
    dev: true

  /source-map/0.6.1:
    resolution: {integrity: sha512-UjgapumWlbMhkBgzT7Ykc5YXUT46F0iKu8SGXq0bcwP5dz/h0Plj6enJqjz1Zbq2l5WaqYnrVbwWOWMyF3F47g==}
    engines: {node: '>=0.10.0'}
    dev: true

  /source-map/0.7.3:
    resolution: {integrity: sha512-CkCj6giN3S+n9qrYiBTX5gystlENnRW5jZeNLHpe6aue+SrHcG5VYwujhW9s4dY31mEGsxBDrHR6oI69fTXsaQ==}
    engines: {node: '>= 8'}
    dev: true

  /terser/5.7.1:
    resolution: {integrity: sha512-b3e+d5JbHAe/JSjwsC3Zn55wsBIM7AsHLjKxT31kGCldgbpFePaFo+PiddtO6uwRZWRw7sPXmAN8dTW61xmnSg==}
    engines: {node: '>=10'}
    hasBin: true
    dependencies:
      commander: 2.20.3
      source-map: 0.7.3
      source-map-support: 0.5.19
    dev: true

  /typescript/4.3.5:
    resolution: {integrity: sha512-DqQgihaQ9cUrskJo9kIyW/+g0Vxsk8cDtZ52a3NGh0YNTfpUSArXSohyUGnvbPazEPLu398C0UxmKSOrPumUzA==}
    engines: {node: '>=4.2.0'}
    hasBin: true
    dev: true
